
Microsoft Visual Studio Solution File, Format Version 12.00
# Visual Studio Version 17
VisualStudioVersion = 17.4.33110.190
MinimumVisualStudioVersion = 10.0.40219.1
Project("{FAE04EC0-301F-11D3-BF4B-00C04F79EFBC}") = "ReajusteSalarial", "ReajusteSalarial\ReajusteSalarial.csproj", "{40D917DC-3A96-4DF5-B37C-7D07C7AC7674}"
EndProject
Global
	GlobalSection(SolutionConfigurationPlatforms) = preSolution
		Debug|Any CPU = Debug|Any CPU
		Release|Any CPU = Release|Any CPU
	EndGlobalSection
	GlobalSection(ProjectConfigurationPlatforms) = postSolution
		{40D917DC-3A96-4DF5-B37C-7D07C7AC7674}.Debug|Any CPU.ActiveCfg = Debug|Any CPU
		{40D917DC-3A96-4DF5-B37C-7D07C7AC7674}.Debug|Any CPU.Build.0 = Debug|Any CPU
		{40D917DC-3A96-4DF5-B37C-7D07C7AC7674}.Release|Any CPU.ActiveCfg = Release|Any CPU
		{40D917DC-3A96-4DF5-B37C-7D07C7AC7674}.Release|Any CPU.Build.0 = Release|Any CPU
	EndGlobalSection
	GlobalSection(SolutionProperties) = preSolution
		HideSolutionNode = FALSE
	EndGlobalSection
	GlobalSection(ExtensibilityGlobals) = postSolution
		SolutionGuid = {E8053A19-60A9-466E-A266-2672841E849B}
	EndGlobalSection
EndGlobal
